
Microsoft Visual Studio Solution File, Format Version 12.00
# Visual Studio 2012
Project("{6989167D-11E4-40FE-8C1A-2192A86A7E90}") = "dllOvertopping", "dllDikesOvertopping\dllOvertopping.vfproj", "{7A17AB03-B82C-4262-82A6-8C210446685B}"
	ProjectSection(ProjectDependencies) = postProject
		{CFA0E06E-8B80-4EBF-8D86-7AAE1078CB6E} = {CFA0E06E-8B80-4EBF-8D86-7AAE1078CB6E}
		{FE6745F2-AD87-49F0-9F86-1A16E57A3240} = {FE6745F2-AD87-49F0-9F86-1A16E57A3240}
		{DD90C2FD-52E2-49D7-80F0-BC229F0300A0} = {DD90C2FD-52E2-49D7-80F0-BC229F0300A0}
	EndProjectSection
EndProject
Project("{6989167D-11E4-40FE-8C1A-2192A86A7E90}") = "general", ".\general.vfproj", "{DD90C2FD-52E2-49D7-80F0-BC229F0300A0}"
	ProjectSection(ProjectDependencies) = postProject
		{CFA0E06E-8B80-4EBF-8D86-7AAE1078CB6E} = {CFA0E06E-8B80-4EBF-8D86-7AAE1078CB6E}
	EndProjectSection
EndProject
Project("{6989167D-11E4-40FE-8C1A-2192A86A7E90}") = "feedback", ".\feedback.vfproj", "{CFA0E06E-8B80-4EBF-8D86-7AAE1078CB6E}"
EndProject
Project("{6989167D-11E4-40FE-8C1A-2192A86A7E90}") = "feedbackDLL", ".\feedbackDLL.vfproj", "{F346E361-38B4-4943-A70B-223CC7236614}"
	ProjectSection(ProjectDependencies) = postProject
		{CFA0E06E-8B80-4EBF-8D86-7AAE1078CB6E} = {CFA0E06E-8B80-4EBF-8D86-7AAE1078CB6E}
	EndProjectSection
EndProject
Project("{6989167D-11E4-40FE-8C1A-2192A86A7E90}") = "unitTests", "tests\unitTests\unitTests.vfproj", "{17BFEA15-7F4A-4395-B99B-0D7508BA29FE}"
	ProjectSection(ProjectDependencies) = postProject
		{7A17AB03-B82C-4262-82A6-8C210446685B} = {7A17AB03-B82C-4262-82A6-8C210446685B}
		{F346E361-38B4-4943-A70B-223CC7236614} = {F346E361-38B4-4943-A70B-223CC7236614}
		{CFA0E06E-8B80-4EBF-8D86-7AAE1078CB6E} = {CFA0E06E-8B80-4EBF-8D86-7AAE1078CB6E}
		{4A06B783-877A-4359-A343-AEB67F045E30} = {4A06B783-877A-4359-A343-AEB67F045E30}
		{286C0AD0-DF13-4167-9D76-DB3BB562869A} = {286C0AD0-DF13-4167-9D76-DB3BB562869A}
		{FE6745F2-AD87-49F0-9F86-1A16E57A3240} = {FE6745F2-AD87-49F0-9F86-1A16E57A3240}
		{DD90C2FD-52E2-49D7-80F0-BC229F0300A0} = {DD90C2FD-52E2-49D7-80F0-BC229F0300A0}
	EndProjectSection
EndProject
Project("{6989167D-11E4-40FE-8C1A-2192A86A7E90}") = "ftnunit", ".\ftnunit.vfproj", "{286C0AD0-DF13-4167-9D76-DB3BB562869A}"
	ProjectSection(ProjectDependencies) = postProject
		{DD90C2FD-52E2-49D7-80F0-BC229F0300A0} = {DD90C2FD-52E2-49D7-80F0-BC229F0300A0}
	EndProjectSection
EndProject
Project("{6989167D-11E4-40FE-8C1A-2192A86A7E90}") = "DikesOvertoppingTests", "tests\DikesOvertoppingTests\DikesOvertoppingTests.vfproj", "{4A06B783-877A-4359-A343-AEB67F045E30}"
	ProjectSection(ProjectDependencies) = postProject
		{7A17AB03-B82C-4262-82A6-8C210446685B} = {7A17AB03-B82C-4262-82A6-8C210446685B}
		{CFA0E06E-8B80-4EBF-8D86-7AAE1078CB6E} = {CFA0E06E-8B80-4EBF-8D86-7AAE1078CB6E}
		{286C0AD0-DF13-4167-9D76-DB3BB562869A} = {286C0AD0-DF13-4167-9D76-DB3BB562869A}
		{FE6745F2-AD87-49F0-9F86-1A16E57A3240} = {FE6745F2-AD87-49F0-9F86-1A16E57A3240}
		{DD90C2FD-52E2-49D7-80F0-BC229F0300A0} = {DD90C2FD-52E2-49D7-80F0-BC229F0300A0}
	EndProjectSection
EndProject
Project("{6989167D-11E4-40FE-8C1A-2192A86A7E90}") = "LibOvertopping", "libDikesOvertopping\LibOvertopping.vfproj", "{FE6745F2-AD87-49F0-9F86-1A16E57A3240}"
	ProjectSection(ProjectDependencies) = postProject
		{CFA0E06E-8B80-4EBF-8D86-7AAE1078CB6E} = {CFA0E06E-8B80-4EBF-8D86-7AAE1078CB6E}
		{DD90C2FD-52E2-49D7-80F0-BC229F0300A0} = {DD90C2FD-52E2-49D7-80F0-BC229F0300A0}
	EndProjectSection
EndProject
Global
	GlobalSection(SolutionConfigurationPlatforms) = preSolution
		Debug|Win32 = Debug|Win32
		Release|Win32 = Release|Win32
	EndGlobalSection
	GlobalSection(ProjectConfigurationPlatforms) = postSolution
		{7A17AB03-B82C-4262-82A6-8C210446685B}.Debug|Win32.ActiveCfg = Debug|Win32
		{7A17AB03-B82C-4262-82A6-8C210446685B}.Debug|Win32.Build.0 = Debug|Win32
		{7A17AB03-B82C-4262-82A6-8C210446685B}.Release|Win32.ActiveCfg = Release|Win32
		{7A17AB03-B82C-4262-82A6-8C210446685B}.Release|Win32.Build.0 = Release|Win32
		{DD90C2FD-52E2-49D7-80F0-BC229F0300A0}.Debug|Win32.ActiveCfg = Debug|Win32
		{DD90C2FD-52E2-49D7-80F0-BC229F0300A0}.Debug|Win32.Build.0 = Debug|Win32
		{DD90C2FD-52E2-49D7-80F0-BC229F0300A0}.Release|Win32.ActiveCfg = Release|Win32
		{DD90C2FD-52E2-49D7-80F0-BC229F0300A0}.Release|Win32.Build.0 = Release|Win32
		{CFA0E06E-8B80-4EBF-8D86-7AAE1078CB6E}.Debug|Win32.ActiveCfg = Debug|Win32
		{CFA0E06E-8B80-4EBF-8D86-7AAE1078CB6E}.Debug|Win32.Build.0 = Debug|Win32
		{CFA0E06E-8B80-4EBF-8D86-7AAE1078CB6E}.Release|Win32.ActiveCfg = Release|Win32
		{CFA0E06E-8B80-4EBF-8D86-7AAE1078CB6E}.Release|Win32.Build.0 = Release|Win32
		{F346E361-38B4-4943-A70B-223CC7236614}.Debug|Win32.ActiveCfg = Debug|Win32
		{F346E361-38B4-4943-A70B-223CC7236614}.Debug|Win32.Build.0 = Debug|Win32
		{F346E361-38B4-4943-A70B-223CC7236614}.Release|Win32.ActiveCfg = Release|Win32
		{F346E361-38B4-4943-A70B-223CC7236614}.Release|Win32.Build.0 = Release|Win32
		{17BFEA15-7F4A-4395-B99B-0D7508BA29FE}.Debug|Win32.ActiveCfg = Debug|Win32
		{17BFEA15-7F4A-4395-B99B-0D7508BA29FE}.Debug|Win32.Build.0 = Debug|Win32
		{17BFEA15-7F4A-4395-B99B-0D7508BA29FE}.Release|Win32.ActiveCfg = Release|Win32
		{17BFEA15-7F4A-4395-B99B-0D7508BA29FE}.Release|Win32.Build.0 = Release|Win32
		{286C0AD0-DF13-4167-9D76-DB3BB562869A}.Debug|Win32.ActiveCfg = Debug|Win32
		{286C0AD0-DF13-4167-9D76-DB3BB562869A}.Debug|Win32.Build.0 = Debug|Win32
		{286C0AD0-DF13-4167-9D76-DB3BB562869A}.Release|Win32.ActiveCfg = Release|Win32
		{286C0AD0-DF13-4167-9D76-DB3BB562869A}.Release|Win32.Build.0 = Release|Win32
		{4A06B783-877A-4359-A343-AEB67F045E30}.Debug|Win32.ActiveCfg = Debug|Win32
		{4A06B783-877A-4359-A343-AEB67F045E30}.Debug|Win32.Build.0 = Debug|Win32
		{4A06B783-877A-4359-A343-AEB67F045E30}.Release|Win32.ActiveCfg = Release|Win32
		{4A06B783-877A-4359-A343-AEB67F045E30}.Release|Win32.Build.0 = Release|Win32
		{FE6745F2-AD87-49F0-9F86-1A16E57A3240}.Debug|Win32.ActiveCfg = Debug|Win32
		{FE6745F2-AD87-49F0-9F86-1A16E57A3240}.Debug|Win32.Build.0 = Debug|Win32
		{FE6745F2-AD87-49F0-9F86-1A16E57A3240}.Release|Win32.ActiveCfg = Release|Win32
		{FE6745F2-AD87-49F0-9F86-1A16E57A3240}.Release|Win32.Build.0 = Release|Win32
	EndGlobalSection
	GlobalSection(SolutionProperties) = preSolution
		HideSolutionNode = FALSE
	EndGlobalSection
EndGlobal
